
Microsoft Visual Studio Solution File, Format Version 12.00
# Visual Studio Version 17
VisualStudioVersion = 17.5.002.0
MinimumVisualStudioVersion = 10.0.40219.1
Project("{9A19103F-16F7-4668-BE54-9A1E7A4F7556}") = "HolaMundo", "HolaMundo\HolaMundo.csproj", "{6073E7FB-410F-41E4-BC7A-17DE8AF6DBA6}"
EndProject
Global
	GlobalSection(SolutionConfigurationPlatforms) = preSolution
		Debug|Any CPU = Debug|Any CPU
		Release|Any CPU = Release|Any CPU
	EndGlobalSection
	GlobalSection(ProjectConfigurationPlatforms) = postSolution
		{6073E7FB-410F-41E4-BC7A-17DE8AF6DBA6}.Debug|Any CPU.ActiveCfg = Debug|Any CPU
		{6073E7FB-410F-41E4-BC7A-17DE8AF6DBA6}.Debug|Any CPU.Build.0 = Debug|Any CPU
		{6073E7FB-410F-41E4-BC7A-17DE8AF6DBA6}.Release|Any CPU.ActiveCfg = Release|Any CPU
		{6073E7FB-410F-41E4-BC7A-17DE8AF6DBA6}.Release|Any CPU.Build.0 = Release|Any CPU
	EndGlobalSection
	GlobalSection(SolutionProperties) = preSolution
		HideSolutionNode = FALSE
	EndGlobalSection
	GlobalSection(ExtensibilityGlobals) = postSolution
		SolutionGuid = {366E193E-27CB-4CDF-A547-C27B5DE9E081}
	EndGlobalSection
EndGlobal
